
Microsoft Visual Studio Solution File, Format Version 12.00
# Visual Studio Version 17
VisualStudioVersion = 17.4.33122.133
MinimumVisualStudioVersion = 10.0.40219.1
Project("{9A19103F-16F7-4668-BE54-9A1E7A4F7556}") = "MatchAPI", "MatchAPI\MatchAPI.csproj", "{BB835A68-BE0A-4D66-BFAD-6F2023C4399D}"
EndProject
Project("{9A19103F-16F7-4668-BE54-9A1E7A4F7556}") = "Domain", "Domain\Domain.csproj", "{28A5395C-C900-4676-A7C5-2F83F28B028D}"
EndProject
Project("{9A19103F-16F7-4668-BE54-9A1E7A4F7556}") = "Data", "Data\Data.csproj", "{334C40A2-16F7-43B5-8655-18BF2BD754E7}"
EndProject
Project("{9A19103F-16F7-4668-BE54-9A1E7A4F7556}") = "IoC", "IoC\IoC.csproj", "{1FB7B0CB-75C8-4113-958F-3C789C411ABC}"
EndProject
Global
	GlobalSection(SolutionConfigurationPlatforms) = preSolution
		Debug|Any CPU = Debug|Any CPU
		Release|Any CPU = Release|Any CPU
	EndGlobalSection
	GlobalSection(ProjectConfigurationPlatforms) = postSolution
		{BB835A68-BE0A-4D66-BFAD-6F2023C4399D}.Debug|Any CPU.ActiveCfg = Debug|Any CPU
		{BB835A68-BE0A-4D66-BFAD-6F2023C4399D}.Debug|Any CPU.Build.0 = Debug|Any CPU
		{BB835A68-BE0A-4D66-BFAD-6F2023C4399D}.Release|Any CPU.ActiveCfg = Release|Any CPU
		{BB835A68-BE0A-4D66-BFAD-6F2023C4399D}.Release|Any CPU.Build.0 = Release|Any CPU
		{28A5395C-C900-4676-A7C5-2F83F28B028D}.Debug|Any CPU.ActiveCfg = Debug|Any CPU
		{28A5395C-C900-4676-A7C5-2F83F28B028D}.Debug|Any CPU.Build.0 = Debug|Any CPU
		{28A5395C-C900-4676-A7C5-2F83F28B028D}.Release|Any CPU.ActiveCfg = Release|Any CPU
		{28A5395C-C900-4676-A7C5-2F83F28B028D}.Release|Any CPU.Build.0 = Release|Any CPU
		{334C40A2-16F7-43B5-8655-18BF2BD754E7}.Debug|Any CPU.ActiveCfg = Debug|Any CPU
		{334C40A2-16F7-43B5-8655-18BF2BD754E7}.Debug|Any CPU.Build.0 = Debug|Any CPU
		{334C40A2-16F7-43B5-8655-18BF2BD754E7}.Release|Any CPU.ActiveCfg = Release|Any CPU
		{334C40A2-16F7-43B5-8655-18BF2BD754E7}.Release|Any CPU.Build.0 = Release|Any CPU
		{1FB7B0CB-75C8-4113-958F-3C789C411ABC}.Debug|Any CPU.ActiveCfg = Debug|Any CPU
		{1FB7B0CB-75C8-4113-958F-3C789C411ABC}.Debug|Any CPU.Build.0 = Debug|Any CPU
		{1FB7B0CB-75C8-4113-958F-3C789C411ABC}.Release|Any CPU.ActiveCfg = Release|Any CPU
		{1FB7B0CB-75C8-4113-958F-3C789C411ABC}.Release|Any CPU.Build.0 = Release|Any CPU
	EndGlobalSection
	GlobalSection(SolutionProperties) = preSolution
		HideSolutionNode = FALSE
	EndGlobalSection
	GlobalSection(ExtensibilityGlobals) = postSolution
		SolutionGuid = {4B838B10-BDE8-4045-9CC7-2909733ED479}
	EndGlobalSection
	GlobalSection(NDepend) = preSolution
		Project = ".\MatchAPI.ndproj"
	EndGlobalSection
EndGlobal
